
Microsoft Visual Studio Solution File, Format Version 12.00
# Visual Studio Version 18
VisualStudioVersion = 18.0.11205.157 d18.0
MinimumVisualStudioVersion = 10.0.40219.1
Project("{9A19103F-16F7-4668-BE54-9A1E7A4F7556}") = "DigitalFilters", "DigitalFilters\DigitalFilters.csproj", "{84DB67CF-B270-4C05-815A-965B6201D5E0}"
EndProject
Project("{9A19103F-16F7-4668-BE54-9A1E7A4F7556}") = "Filter", "Filter\Filter.csproj", "{8D3938EE-62FD-41D2-A6D0-4CEEE64C5B19}"
EndProject
Project("{FAE04EC0-301F-11D3-BF4B-00C04F79EFBC}") = "TransmissionLine", "TransmissionLine\TransmissionLine.csproj", "{72B563CC-574D-493B-A0E5-C330F4CCAB83}"
EndProject
Project("{FAE04EC0-301F-11D3-BF4B-00C04F79EFBC}") = "Interpolators", "Interpolators\Interpolators.csproj", "{1D2AFA67-ACD6-4E0D-8BAF-6E992D554AA2}"
EndProject
Project("{FAE04EC0-301F-11D3-BF4B-00C04F79EFBC}") = "WavFileManager", "WavFileManager\WavFileManager.csproj", "{CFE7058E-FA21-4841-821C-C26882BAFE85}"
EndProject
Project("{FAE04EC0-301F-11D3-BF4B-00C04F79EFBC}") = "Plotter", "..\SVGPlotLib\Plotter\Plotter.csproj", "{A640BFEE-AA5C-CFDD-D9AF-76A0075711CA}"
EndProject
Project("{FAE04EC0-301F-11D3-BF4B-00C04F79EFBC}") = "TwoDimensionLib", "..\SVGPlotLib\TwoDimensionLib\TwoDimensionLib.csproj", "{D520E598-514E-22FD-8496-BAE5A1784423}"
EndProject
Project("{FAE04EC0-301F-11D3-BF4B-00C04F79EFBC}") = "DigitalFilterMsTests", "DigitalFilterMsTests\DigitalFilterMsTests.csproj", "{B7DF4C95-649B-4E4C-BE72-EAF4BE058501}"
EndProject
Project("{FAE04EC0-301F-11D3-BF4B-00C04F79EFBC}") = "TwoDLibMsTests", "TwoDLibMsTests\TwoDLibMsTests.csproj", "{08BEA46D-FAB7-4FBB-97F6-147FD82A4730}"
EndProject
Global
	GlobalSection(SolutionConfigurationPlatforms) = preSolution
		Debug|Any CPU = Debug|Any CPU
		Release|Any CPU = Release|Any CPU
	EndGlobalSection
	GlobalSection(ProjectConfigurationPlatforms) = postSolution
		{84DB67CF-B270-4C05-815A-965B6201D5E0}.Debug|Any CPU.ActiveCfg = Debug|Any CPU
		{84DB67CF-B270-4C05-815A-965B6201D5E0}.Debug|Any CPU.Build.0 = Debug|Any CPU
		{84DB67CF-B270-4C05-815A-965B6201D5E0}.Release|Any CPU.ActiveCfg = Release|Any CPU
		{84DB67CF-B270-4C05-815A-965B6201D5E0}.Release|Any CPU.Build.0 = Release|Any CPU
		{8D3938EE-62FD-41D2-A6D0-4CEEE64C5B19}.Debug|Any CPU.ActiveCfg = Debug|Any CPU
		{8D3938EE-62FD-41D2-A6D0-4CEEE64C5B19}.Debug|Any CPU.Build.0 = Debug|Any CPU
		{8D3938EE-62FD-41D2-A6D0-4CEEE64C5B19}.Release|Any CPU.ActiveCfg = Release|Any CPU
		{8D3938EE-62FD-41D2-A6D0-4CEEE64C5B19}.Release|Any CPU.Build.0 = Release|Any CPU
		{72B563CC-574D-493B-A0E5-C330F4CCAB83}.Debug|Any CPU.ActiveCfg = Debug|Any CPU
		{72B563CC-574D-493B-A0E5-C330F4CCAB83}.Debug|Any CPU.Build.0 = Debug|Any CPU
		{72B563CC-574D-493B-A0E5-C330F4CCAB83}.Release|Any CPU.ActiveCfg = Release|Any CPU
		{72B563CC-574D-493B-A0E5-C330F4CCAB83}.Release|Any CPU.Build.0 = Release|Any CPU
		{1D2AFA67-ACD6-4E0D-8BAF-6E992D554AA2}.Debug|Any CPU.ActiveCfg = Debug|Any CPU
		{1D2AFA67-ACD6-4E0D-8BAF-6E992D554AA2}.Debug|Any CPU.Build.0 = Debug|Any CPU
		{1D2AFA67-ACD6-4E0D-8BAF-6E992D554AA2}.Release|Any CPU.ActiveCfg = Release|Any CPU
		{1D2AFA67-ACD6-4E0D-8BAF-6E992D554AA2}.Release|Any CPU.Build.0 = Release|Any CPU
		{CFE7058E-FA21-4841-821C-C26882BAFE85}.Debug|Any CPU.ActiveCfg = Debug|Any CPU
		{CFE7058E-FA21-4841-821C-C26882BAFE85}.Debug|Any CPU.Build.0 = Debug|Any CPU
		{CFE7058E-FA21-4841-821C-C26882BAFE85}.Release|Any CPU.ActiveCfg = Release|Any CPU
		{CFE7058E-FA21-4841-821C-C26882BAFE85}.Release|Any CPU.Build.0 = Release|Any CPU
		{A640BFEE-AA5C-CFDD-D9AF-76A0075711CA}.Debug|Any CPU.ActiveCfg = Debug|Any CPU
		{A640BFEE-AA5C-CFDD-D9AF-76A0075711CA}.Debug|Any CPU.Build.0 = Debug|Any CPU
		{A640BFEE-AA5C-CFDD-D9AF-76A0075711CA}.Release|Any CPU.ActiveCfg = Release|Any CPU
		{A640BFEE-AA5C-CFDD-D9AF-76A0075711CA}.Release|Any CPU.Build.0 = Release|Any CPU
		{D520E598-514E-22FD-8496-BAE5A1784423}.Debug|Any CPU.ActiveCfg = Debug|Any CPU
		{D520E598-514E-22FD-8496-BAE5A1784423}.Debug|Any CPU.Build.0 = Debug|Any CPU
		{D520E598-514E-22FD-8496-BAE5A1784423}.Release|Any CPU.ActiveCfg = Release|Any CPU
		{D520E598-514E-22FD-8496-BAE5A1784423}.Release|Any CPU.Build.0 = Release|Any CPU
		{B7DF4C95-649B-4E4C-BE72-EAF4BE058501}.Debug|Any CPU.ActiveCfg = Debug|Any CPU
		{B7DF4C95-649B-4E4C-BE72-EAF4BE058501}.Debug|Any CPU.Build.0 = Debug|Any CPU
		{B7DF4C95-649B-4E4C-BE72-EAF4BE058501}.Release|Any CPU.ActiveCfg = Release|Any CPU
		{B7DF4C95-649B-4E4C-BE72-EAF4BE058501}.Release|Any CPU.Build.0 = Release|Any CPU
		{08BEA46D-FAB7-4FBB-97F6-147FD82A4730}.Debug|Any CPU.ActiveCfg = Debug|Any CPU
		{08BEA46D-FAB7-4FBB-97F6-147FD82A4730}.Debug|Any CPU.Build.0 = Debug|Any CPU
		{08BEA46D-FAB7-4FBB-97F6-147FD82A4730}.Release|Any CPU.ActiveCfg = Release|Any CPU
		{08BEA46D-FAB7-4FBB-97F6-147FD82A4730}.Release|Any CPU.Build.0 = Release|Any CPU
	EndGlobalSection
	GlobalSection(SolutionProperties) = preSolution
		HideSolutionNode = FALSE
	EndGlobalSection
	GlobalSection(ExtensibilityGlobals) = postSolution
		SolutionGuid = {DA4D3357-F737-42F9-BD68-204BF525BC14}
	EndGlobalSection
EndGlobal
